
Microsoft Visual Studio Solution File, Format Version 12.00
# Visual Studio Version 16
VisualStudioVersion = 16.0.31605.320
MinimumVisualStudioVersion = 10.0.40219.1
Project("{FAE04EC0-301F-11D3-BF4B-00C04F79EFBC}") = "Library_project", "Library_project\Library_project.csproj", "{BAB0BE20-D981-4907-8EF7-5069E95F1E24}"
EndProject
Global
	GlobalSection(SolutionConfigurationPlatforms) = preSolution
		Debug|Any CPU = Debug|Any CPU
		Release|Any CPU = Release|Any CPU
	EndGlobalSection
	GlobalSection(ProjectConfigurationPlatforms) = postSolution
		{BAB0BE20-D981-4907-8EF7-5069E95F1E24}.Debug|Any CPU.ActiveCfg = Debug|Any CPU
		{BAB0BE20-D981-4907-8EF7-5069E95F1E24}.Debug|Any CPU.Build.0 = Debug|Any CPU
		{BAB0BE20-D981-4907-8EF7-5069E95F1E24}.Release|Any CPU.ActiveCfg = Release|Any CPU
		{BAB0BE20-D981-4907-8EF7-5069E95F1E24}.Release|Any CPU.Build.0 = Release|Any CPU
	EndGlobalSection
	GlobalSection(SolutionProperties) = preSolution
		HideSolutionNode = FALSE
	EndGlobalSection
	GlobalSection(ExtensibilityGlobals) = postSolution
		SolutionGuid = {C1572DB7-2F36-4231-9B78-DC8844ECFDB6}
	EndGlobalSection
EndGlobal
